PODS:
  - ImagePicker (3.1.0)
  - TesseractOCRSDKiOS (4.0.2)

DEPENDENCIES:
  - ImagePicker
  - TesseractOCRSDKiOS

SPEC REPOS:
  https://github.com/cocoapods/specs.git:
    - ImagePicker
    - TesseractOCRSDKiOS

SPEC CHECKSUMS:
  ImagePicker: db1fd7626337b2577c523bef5f499bbbe5a37079
  TesseractOCRSDKiOS: 5124816fe04de75f4d7ce91eb8b2bb5096aa6519

PODFILE CHECKSUM: 7f184842421703d9910268022cfe969ee3a07a88

COCOAPODS: 1.5.3
